
Microsoft Visual Studio Solution File, Format Version 12.00
# Visual Studio Version 16
VisualStudioVersion = 16.0.29905.134
MinimumVisualStudioVersion = 10.0.40219.1
Project("{FAE04EC0-301F-11D3-BF4B-00C04F79EFBC}") = "Pomodoro", "Pomodoro.csproj", "{B2677BF5-0BA7-455C-ABAC-19D179B847EB}"
EndProject
Global
	GlobalSection(SolutionConfigurationPlatforms) = preSolution
		Debug|Any CPU = Debug|Any CPU
		Release|Any CPU = Release|Any CPU
	EndGlobalSection
	GlobalSection(ProjectConfigurationPlatforms) = postSolution
		{B2677BF5-0BA7-455C-ABAC-19D179B847EB}.Debug|Any CPU.ActiveCfg = Debug|Any CPU
		{B2677BF5-0BA7-455C-ABAC-19D179B847EB}.Debug|Any CPU.Build.0 = Debug|Any CPU
		{B2677BF5-0BA7-455C-ABAC-19D179B847EB}.Release|Any CPU.ActiveCfg = Release|Any CPU
		{B2677BF5-0BA7-455C-ABAC-19D179B847EB}.Release|Any CPU.Build.0 = Release|Any CPU
	EndGlobalSection
	GlobalSection(SolutionProperties) = preSolution
		HideSolutionNode = FALSE
	EndGlobalSection
	GlobalSection(ExtensibilityGlobals) = postSolution
		SolutionGuid = {26979929-E4A5-4D91-8C6B-23A69561DBB4}
	EndGlobalSection
EndGlobal
